// !$*UTF8*$!
{
	archiveVersion = 1;
	classes = {
	};
	objectVersion = 46;
	objects = {

/* Begin PBXBuildFile section */
		92F9D3651C09B17300799A58 /* AppDelegate.swift in Sources */ = {isa = PBXBuildFile; fileRef = 92F9D3641C09B17300799A58 /* AppDelegate.swift */; };
		92F9D3671C09B17300799A58 /* ViewController.swift in Sources */ = {isa = PBXBuildFile; fileRef = 92F9D3661C09B17300799A58 /* ViewController.swift */; };
		92F9D36A1C09B17300799A58 /* Main.storyboard in Resources */ = {isa = PBXBuildFile; fileRef = 92F9D3681C09B17300799A58 /* Main.storyboard */; };
		92F9D36C1C09B17300799A58 /* Assets.xcassets in Resources */ = {isa = PBXBuildFile; fileRef = 92F9D36B1C09B17300799A58 /* Assets.xcassets */; };
		92F9D36F1C09B17300799A58 /* LaunchScreen.storyboard in Resources */ = {isa = PBXBuildFile; fileRef = 92F9D36D1C09B17300799A58 /* LaunchScreen.storyboard */; };
/* End PBXBuildFile section */

/* Begin PBXFileReference section */
		92F9D3611C09B17300799A58 /* PFLyricView.app */ = {isa = PBXFileReference; explicitFileType = wrapper.application; includeInIndex = 0; path = PFLyricView.app; sourceTree = BUILT_PRODUCTS_DIR; };
		92F9D3641C09B17300799A58 /* AppDelegate.swift */ = {isa = PBXFileReference; lastKnownFileType = sourcecode.swift; path = AppDelegate.swift; sourceTree = "<group>"; };
		92F9D3661C09B17300799A58 /* ViewController.swift */ = {isa = PBXFileReference; lastKnownFileType = sourcecode.swift; path = ViewController.swift; sourceTree = "<group>"; };
		92F9D3691C09B17300799A58 /* Base */ = {isa = PBXFileReference; lastKnownFileType = file.storyboard; name = Base; path = Base.lproj/Main.storyboard; sourceTree = "<group>"; };
		92F9D36B1C09B17300799A58 /* Assets.xcassets */ = {isa = PBXFileReference; lastKnownFileType = folder.assetcatalog; path = Assets.xcassets; sourceTree = "<group>"; };
		92F9D36E1C09B17300799A58 /* Base */ = {isa = PBXFileReference; lastKnownFileType = file.storyboard; name = Base; path = Base.lproj/LaunchScreen.storyboard; sourceTree = "<group>"; };
		92F9D3701C09B17300799A58 /* Info.plist */ = {isa = PBXFileReference; lastKnownFileType = text.plist.xml; path = Info.plist; sourceTree = "<group>"; };
/* End PBXFileReference section */

/* Begin PBXFrameworksBuildPhase section */
		92F9D35E1C09B17300799A58 /* Frameworks */ = {
			isa = PBXFrameworksBuildPhase;
			buildActionMask = 2147483647;
			files = (
			);
			runOnlyForDeploymentPostprocessing = 0;
		};
/* End PBXFrameworksBuildPhase section */

/* Begin PBXGroup section */
		92F9D3581C09B17300799A58 = {
			isa = PBXGroup;
			children = (
				92F9D3631C09B17300799A58 /* PFLyricView */,
				92F9D3621C09B17300799A58 /* Products */,
			);
			sourceTree = "<group>";
		};
		92F9D3621C09B17300799A58 /* Products */ = {
			isa = PBXGroup;
			children = (
				92F9D3611C09B17300799A58 /* PFLyricView.app */,
			);
			name = Products;
			sourceTree = "<group>";
		};
		92F9D3631C09B17300799A58 /* PFLyricView */ = {
			isa = PBXGroup;
			children = (
				92F9D3761C09B18900799A58 /* Classes */,
				92F9D3641C09B17300799A58 /* AppDelegate.swift */,
				92F9D3661C09B17300799A58 /* ViewController.swift */,
				92F9D3681C09B17300799A58 /* Main.storyboard */,
				92F9D36B1C09B17300799A58 /* Assets.xcassets */,
				92F9D36D1C09B17300799A58 /* LaunchScreen.storyboard */,
				92F9D3701C09B17300799A58 /* Info.plist */,
			);
			path = PFLyricView;
			sourceTree = "<group>";
		};
		92F9D3761C09B18900799A58 /* Classes */ = {
			isa = PBXGroup;
			children = (
			);
			path = Classes;
			sourceTree = "<group>";
		};
/* End PBXGroup section */

/* Begin PBXNativeTarget section */
		92F9D3601C09B17300799A58 /* PFLyricView */ = {
			isa = PBXNativeTarget;
			buildConfigurationList = 92F9D3731C09B17300799A58 /* Build configuration list for PBXNativeTarget "PFLyricView" */;
			buildPhases = (
				92F9D35D1C09B17300799A58 /* Sources */,
				92F9D35E1C09B17300799A58 /* Frameworks */,
				92F9D35F1C09B17300799A58 /* Resources */,
			);
			buildRules = (
			);
			dependencies = (
			);
			name = PFLyricView;
			productName = PFLyricView;
			productReference = 92F9D3611C09B17300799A58 /* PFLyricView.app */;
			productType = "com.apple.product-type.application";
		};
/* End PBXNativeTarget section */

/* Begin PBXProject section */
		92F9D3591C09B17300799A58 /* Project object */ = {
			isa = PBXProject;
			attributes = {
				LastSwiftUpdateCheck = 0710;
				LastUpgradeCheck = 0710;
				ORGANIZATIONNAME = Cee;
				TargetAttributes = {
					92F9D3601C09B17300799A58 = {
						CreatedOnToolsVersion = 7.1;
					};
				};
			};
			buildConfigurationList = 92F9D35C1C09B17300799A58 /* Build configuration list for PBXProject "PFLyricView" */;
			compatibilityVersion = "Xcode 3.2";
			developmentRegion = English;
			hasScannedForEncodings = 0;
			knownRegions = (
				en,
				Base,
			);
			mainGroup = 92F9D3581C09B17300799A58;
			productRefGroup = 92F9D3621C09B17300799A58 /* Products */;
			projectDirPath = "";
			projectRoot = "";
			targets = (
				92F9D3601C09B17300799A58 /* PFLyricView */,
			);
		};
/* End PBXProject section */

/* Begin PBXResourcesBuildPhase section */
		92F9D35F1C09B17300799A58 /* Resources */ = {
			isa = PBXResourcesBuildPhase;
			buildActionMask = 2147483647;
			files = (
				92F9D36F1C09B17300799A58 /* LaunchScreen.storyboard in Resources */,
				92F9D36C1C09B17300799A58 /* Assets.xcassets in Resources */,
				92F9D36A1C09B17300799A58 /* Main.storyboard in Resources */,
			);
			runOnlyForDeploymentPostprocessing = 0;
		};
/* End PBXResourcesBuildPhase section */

/* Begin PBXSourcesBuildPhase section */
		92F9D35D1C09B17300799A58 /* Sources */ = {
			isa = PBXSourcesBuildPhase;
			buildActionMask = 2147483647;
			files = (
				92F9D3671C09B17300799A58 /* ViewController.swift in Sources */,
				92F9D3651C09B17300799A58 /* AppDelegate.swift in Sources */,
			);
			runOnlyForDeploymentPostprocessing = 0;
		};
/* End PBXSourcesBuildPhase section */

/* Begin PBXVariantGroup section */
		92F9D3681C09B17300799A58 /* Main.storyboard */ = {
			isa = PBXVariantGroup;
			children = (
				92F9D3691C09B17300799A58 /* Base */,
			);
			name = Main.storyboard;
			sourceTree = "<group>";
		};
		92F9D36D1C09B17300799A58 /* LaunchScreen.storyboard */ = {
			isa = PBXVariantGroup;
			children = (
				92F9D36E1C09B17300799A58 /* Base */,
			);
			name = LaunchScreen.storyboard;
			sourceTree = "<group>";
		};
/* End PBXVariantGroup section */

/* Begin XCBuildConfiguration section */
		92F9D3711C09B17300799A58 /* Debug */ = {
			isa = XCBuildConfiguration;
			buildSettings = {
				ALWAYS_SEARCH_USER_PATHS = NO;
				CLANG_CXX_LANGUAGE_STANDARD = "gnu++0x";
				CLANG_CXX_LIBRARY = "libc++";
				CLANG_ENABLE_MODULES = YES;
				CLANG_ENABLE_OBJC_ARC = YES;
				CLANG_WARN_BOOL_CONVERSION = YES;
				CLANG_WARN_CONSTANT_CONVERSION = YES;
				CLANG_WARN_DIRECT_OBJC_ISA_USAGE = YES_ERROR;
				CLANG_WARN_EMPTY_BODY = YES;
				CLANG_WARN_ENUM_CONVERSION = YES;
				CLANG_WARN_INT_CONVERSION = YES;
				CLANG_WARN_OBJC_ROOT_CLASS = YES_ERROR;
				CLANG_WARN_UNREACHABLE_CODE = YES;
				CLANG_WARN__DUPLICATE_METHOD_MATCH = YES;
				"CODE_SIGN_IDENTITY[sdk=iphoneos*]" = "iPhone Developer";
				COPY_PHASE_STRIP = NO;
				DEBUG_INFORMATION_FORMAT = dwarf;
				ENABLE_STRICT_OBJC_MSGSEND = YES;
				ENABLE_TESTABILITY = YES;
				GCC_C_LANGUAGE_STANDARD = gnu99;
				GCC_DYNAMIC_NO_PIC = NO;
				GCC_NO_COMMON_BLOCKS = YES;
				GCC_OPTIMIZATION_LEVEL = 0;
				GCC_PREPROCESSOR_DEFINITIONS = (
					"DEBUG=1",
					"$(inherited)",
				);
				GCC_WARN_64_TO_32_BIT_CONVERSION = YES;
				GCC_WARN_ABOUT_RETURN_TYPE = YES_ERROR;
				GCC_WARN_UNDECLARED_SELECTOR = YES;
				GCC_WARN_UNINITIALIZED_AUTOS = YES_AGGRESSIVE;
				GCC_WARN_UNUSED_FUNCTION = YES;
				GCC_WARN_UNUSED_VARIABLE = YES;
				IPHONEOS_DEPLOYMENT_TARGET = 9.1;
				MTL_ENABLE_DEBUG_INFO = YES;
				ONLY_ACTIVE_ARCH = YES;
				SDKROOT = iphoneos;
				SWIFT_OPTIMIZATION_LEVEL = "-Onone";
			};
			name = Debug;
		};
		92F9D3721C09B17300799A58 /* Release */ = {
			isa = XCBuildConfiguration;
			buildSettings = {
				ALWAYS_SEARCH_USER_PATHS = NO;
				CLANG_CXX_LANGUAGE_STANDARD = "gnu++0x";
				CLANG_CXX_LIBRARY = "libc++";
				CLANG_ENABLE_MODULES = YES;
				CLANG_ENABLE_OBJC_ARC = YES;
				CLANG_WARN_BOOL_CONVERSION = YES;
				CLANG_WARN_CONSTANT_CONVERSION = YES;
				CLANG_WARN_DIRECT_OBJC_ISA_USAGE = YES_ERROR;
				CLANG_WARN_EMPTY_BODY = YES;
				CLANG_WARN_ENUM_CONVERSION = YES;
				CLANG_WARN_INT_CONVERSION = YES;
				CLANG_WARN_OBJC_ROOT_CLASS = YES_ERROR;
				CLANG_WARN_UNREACHABLE_CODE = YES;
				CLANG_WARN__DUPLICATE_METHOD_MATCH = YES;
				"CODE_SIGN_IDENTITY[sdk=iphoneos*]" = "iPhone Developer";
				COPY_PHASE_STRIP = NO;
				DEBUG_INFORMATION_FORMAT = "dwarf-with-dsym";
				ENABLE_NS_ASSERTIONS = NO;
				ENABLE_STRICT_OBJC_MSGSEND = YES;
				GCC_C_LANGUAGE_STANDARD = gnu99;
				GCC_NO_COMMON_BLOCKS = YES;
				GCC_WARN_64_TO_32_BIT_CONVERSION = YES;
				GCC_WARN_ABOUT_RETURN_TYPE = YES_ERROR;
				GCC_WARN_UNDECLARED_SELECTOR = YES;
				GCC_WARN_UNINITIALIZED_AUTOS = YES_AGGRESSIVE;
				GCC_WARN_UNUSED_FUNCTION = YES;
				GCC_WARN_UNUSED_VARIABLE = YES;
				IPHONEOS_DEPLOYMENT_TARGET = 9.1;
				MTL_ENABLE_DEBUG_INFO = NO;
				SDKROOT = iphoneos;
				VALIDATE_PRODUCT = YES;
			};
			name = Release;
		};
		92F9D3741C09B17300799A58 /* Debug */ = {
			isa = XCBuildConfiguration;
			buildSettings = {
				ASSETCATALOG_COMPILER_APPICON_NAME = AppIcon;
				INFOPLIST_FILE = PFLyricView/Info.plist;
				LD_RUNPATH_SEARCH_PATHS = "$(inherited) @executable_path/Frameworks";
				PRODUCT_BUNDLE_IDENTIFIER = moe.Cee.PFLyricView;
				PRODUCT_NAME = "$(TARGET_NAME)";
			};
			name = Debug;
		};
		92F9D3751C09B17300799A58 /* Release */ = {
			isa = XCBuildConfiguration;
			buildSettings = {
				ASSETCATALOG_COMPILER_APPICON_NAME = AppIcon;
				INFOPLIST_FILE = PFLyricView/Info.plist;
				LD_RUNPATH_SEARCH_PATHS = "$(inherited) @executable_path/Frameworks";
				PRODUCT_BUNDLE_IDENTIFIER = moe.Cee.PFLyricView;
				PRODUCT_NAME = "$(TARGET_NAME)";
			};
			name = Release;
		};
/* End XCBuildConfiguration section */

/* Begin XCConfigurationList section */
		92F9D35C1C09B17300799A58 /* Build configuration list for PBXProject "PFLyricView" */ = {
			isa = XCConfigurationList;
			buildConfigurations = (
				92F9D3711C09B17300799A58 /* Debug */,
				92F9D3721C09B17300799A58 /* Release */,
			);
			defaultConfigurationIsVisible = 0;
			defaultConfigurationName = Release;
		};
		92F9D3731C09B17300799A58 /* Build configuration list for PBXNativeTarget "PFLyricView" */ = {
			isa = XCConfigurationList;
			buildConfigurations = (
				92F9D3741C09B17300799A58 /* Debug */,
				92F9D3751C09B17300799A58 /* Release */,
			);
			defaultConfigurationIsVisible = 0;
		};
/* End XCConfigurationList section */
	};
	rootObject = 92F9D3591C09B17300799A58 /* Project object */;
}
